{
  "version": 4,
  "terraform_version": "0.12.8",
  "serial": 1,
  "lineage": "ae92ae32-903d-9b27-cde3-0faab0157275",
  "outputs": {},
  "resources": [
    {
      "module": "module.instance-group",
      "mode": "data",
      "type": "google_compute_instance",
      "name": "default",
      "provider": "provider.google",
      "instances": []
    },
    {
      "module": "module.instance-group",
      "mode": "data",
      "type": "google_compute_region_instance_group",
      "name": "default",
      "provider": "provider.google",
      "instances": []
    },
    {
      "module": "module.instance-group",
      "mode": "managed",
      "type": "google_compute_instance_template",
      "name": "default",
      "provider": "provider.google",
      "instances": [
        {
          "schema_version": 1,
          "attributes": {
            "can_ip_forward": false,
            "description": "",
            "disk": [
              {
                "auto_delete": true,
                "boot": true,
                "device_name": "persistent-disk-0",
                "disk_encryption_key": [],
                "disk_name": "",
                "disk_size_gb": 50,
                "disk_type": "pd-ssd",
                "interface": "SCSI",
                "labels": null,
                "mode": "READ_WRITE",
                "source": "",
                "source_image": "projects/centos-cloud/global/images/centos-7-v20190905",
                "type": "PERSISTENT"
              }
            ],
            "enable_display": null,
            "guest_accelerator": [],
            "id": "projects/p-teckresources-tfe/global/instanceTemplates/inst-tmpl-01",
            "instance_description": "",
            "labels": {
              "project": "tfe"
            },
            "machine_type": "n1-standard-4",
            "metadata": {
              "ssh-keys": "phil:ssh-rsa AAAAB3NzaC1yc2EAAAADAQABAAABgQCykSa/AaqKZhth5RRCVwfqxTOa5fJR6vPRbU6Ab2aMu5daGdh8FrfLxYTOjtCF23iKSZlYHPwMDHz4u7Ej7cQ0Fv1eg6EH9OJCd8GoWZC+ZE+ob/5i+rLxxYNQ4C877A4QHdDoJgoAt80dKrocJX4va/w5EePCZwMYjFgKR2nJeps/rGiCDZxraItsP6XcTcTEOBMkthNpN7ijU/L/Is4FD2BWpdABBZVHzQJ3ptTTZo+mcUj4gZYhKrlZ96GyrGjewDI1bCvd/TZ83+xJlyE3+pzmeZvgpzYkBdv1RB3NOUNZBSYdOY46gHhsAaVS83Ww2jKlXwYxa2Mb54TioESeKW92RDX0gjXGiUnDVKhdwXK8wKPFuZbitRKeNGcsx1aLUNr46SUO/b7czI4LUagAEdukdbsJIdEFxGmOLRBE21KbGK+O6GmHa9qNPFq7jd5ZWnmnUW2ogHP9DDP0fUc50Yp7hCOL5S8jGjnphbaZJJ3yFYZuRUL+wsG4HgJMK9s= phil@c3po\n"
            },
            "metadata_fingerprint": "Zetxi2HjzpE=",
            "metadata_startup_script": null,
            "min_cpu_platform": "",
            "name": "inst-tmpl-01",
            "name_prefix": null,
            "network_interface": [
              {
                "access_config": [
                  {
                    "nat_ip": "",
                    "network_tier": "PREMIUM"
                  }
                ],
                "alias_ip_range": [],
                "network": "https://www.googleapis.com/compute/v1/projects/p-teckresources-tfe/global/networks/default",
                "network_ip": "",
                "subnetwork": "https://www.googleapis.com/compute/v1/projects/p-teckresources-tfe/regions/us-west1/subnetworks/default",
                "subnetwork_project": "p-teckresources-tfe"
              }
            ],
            "project": "p-teckresources-tfe",
            "region": "us-west1",
            "scheduling": [
              {
                "automatic_restart": true,
                "node_affinities": [],
                "on_host_maintenance": "MIGRATE",
                "preemptible": false
              }
            ],
            "self_link": "https://www.googleapis.com/compute/beta/projects/p-teckresources-tfe/global/instanceTemplates/inst-tmpl-01",
            "service_account": [],
            "shielded_instance_config": [],
            "tags": [
              "tfe-compute"
            ],
            "tags_fingerprint": ""
          },
          "private": "eyJzY2hlbWFfdmVyc2lvbiI6IjEifQ=="
        }
      ]
    },
    {
      "module": "module.instance-group",
      "mode": "managed",
      "type": "google_compute_region_instance_group_manager",
      "name": "default",
      "provider": "provider.google",
      "instances": []
    }
  ]
}
