{
  "version": 4,
  "terraform_version": "0.12.8",
  "serial": 5,
  "lineage": "ae92ae32-903d-9b27-cde3-0faab0157275",
  "outputs": {},
  "resources": [
    {
      "module": "module.instance-group",
      "mode": "data",
      "type": "google_compute_instance",
      "name": "default",
      "provider": "provider.google",
      "instances": [
        {
          "schema_version": 0,
          "attributes": {
            "allow_stopping_for_update": null,
            "attached_disk": [],
            "boot_disk": [
              {
                "auto_delete": true,
                "device_name": "persistent-disk-0",
                "disk_encryption_key_raw": "",
                "disk_encryption_key_sha256": "",
                "initialize_params": [
                  {
                    "image": "https://www.googleapis.com/compute/v1/projects/centos-cloud/global/images/centos-7-v20190905",
                    "labels": {},
                    "size": 50,
                    "type": "pd-ssd"
                  }
                ],
                "kms_key_self_link": "",
                "mode": "READ_WRITE",
                "source": "https://www.googleapis.com/compute/v1/projects/p-teckresources-tfe/zones/us-west1-b/disks/vm-01-6vvl"
              }
            ],
            "can_ip_forward": false,
            "cpu_platform": "Intel Broadwell",
            "deletion_protection": false,
            "description": null,
            "enable_display": false,
            "guest_accelerator": [],
            "hostname": null,
            "id": "projects/p-teckresources-tfe/zones/https://www.googleapis.com/compute/beta/projects/p-teckresources-tfe/zones/us-west1-b/instances/vm-01-6vvl",
            "instance_id": "7467704419089625123",
            "label_fingerprint": "A8psXSRY9KM=",
            "labels": {
              "project": "tfe"
            },
            "machine_type": "n1-standard-4",
            "metadata": {
              "created-by": "projects/240220001957/regions/us-west1/instanceGroupManagers/inst-grp-01",
              "instance-template": "projects/240220001957/global/instanceTemplates/inst-tmpl-01",
              "ssh-keys": "phil:ssh-rsa AAAAB3NzaC1yc2EAAAADAQABAAABgQCykSa/AaqKZhth5RRCVwfqxTOa5fJR6vPRbU6Ab2aMu5daGdh8FrfLxYTOjtCF23iKSZlYHPwMDHz4u7Ej7cQ0Fv1eg6EH9OJCd8GoWZC+ZE+ob/5i+rLxxYNQ4C877A4QHdDoJgoAt80dKrocJX4va/w5EePCZwMYjFgKR2nJeps/rGiCDZxraItsP6XcTcTEOBMkthNpN7ijU/L/Is4FD2BWpdABBZVHzQJ3ptTTZo+mcUj4gZYhKrlZ96GyrGjewDI1bCvd/TZ83+xJlyE3+pzmeZvgpzYkBdv1RB3NOUNZBSYdOY46gHhsAaVS83Ww2jKlXwYxa2Mb54TioESeKW92RDX0gjXGiUnDVKhdwXK8wKPFuZbitRKeNGcsx1aLUNr46SUO/b7czI4LUagAEdukdbsJIdEFxGmOLRBE21KbGK+O6GmHa9qNPFq7jd5ZWnmnUW2ogHP9DDP0fUc50Yp7hCOL5S8jGjnphbaZJJ3yFYZuRUL+wsG4HgJMK9s= phil@c3po\n"
            },
            "metadata_fingerprint": "XdDyDOt5X9I=",
            "metadata_startup_script": null,
            "min_cpu_platform": "",
            "name": "vm-01-6vvl",
            "network_interface": [
              {
                "access_config": [
                  {
                    "nat_ip": "35.185.251.242",
                    "network_tier": "PREMIUM",
                    "public_ptr_domain_name": ""
                  }
                ],
                "alias_ip_range": [],
                "name": "nic0",
                "network": "https://www.googleapis.com/compute/v1/projects/p-teckresources-tfe/global/networks/default",
                "network_ip": "10.138.15.199",
                "subnetwork": "https://www.googleapis.com/compute/v1/projects/p-teckresources-tfe/regions/us-west1/subnetworks/default",
                "subnetwork_project": "p-teckresources-tfe"
              }
            ],
            "project": "p-teckresources-tfe",
            "scheduling": [
              {
                "automatic_restart": true,
                "node_affinities": [],
                "on_host_maintenance": "MIGRATE",
                "preemptible": false
              }
            ],
            "scratch_disk": [],
            "self_link": "https://www.googleapis.com/compute/v1/projects/p-teckresources-tfe/zones/us-west1-b/instances/vm-01-6vvl",
            "service_account": [],
            "shielded_instance_config": [],
            "tags": [
              "tfe-compute"
            ],
            "tags_fingerprint": "er1sriRU0Fk=",
            "zone": "us-west1-b"
          },
          "depends_on": [
            "data.google_compute_region_instance_group.default"
          ]
        }
      ]
    },
    {
      "module": "module.instance-group",
      "mode": "data",
      "type": "google_compute_region_instance_group",
      "name": "default",
      "provider": "provider.google",
      "instances": [
        {
          "schema_version": 0,
          "attributes": {
            "id": "projects/p-teckresources-tfe/regions/us-west1/instanceGroups/inst-grp-01",
            "instances": [
              {
                "instance": "https://www.googleapis.com/compute/v1/projects/p-teckresources-tfe/zones/us-west1-b/instances/vm-01-6vvl",
                "named_ports": [
                  {
                    "name": "https-8800",
                    "port": 8800
                  },
                  {
                    "name": "https",
                    "port": 443
                  }
                ],
                "status": "RUNNING"
              }
            ],
            "name": "inst-grp-01",
            "project": "p-teckresources-tfe",
            "region": "us-west1",
            "self_link": "https://www.googleapis.com/compute/v1/projects/p-teckresources-tfe/regions/us-west1/instanceGroups/inst-grp-01",
            "size": null
          },
          "depends_on": [
            "google_compute_region_instance_group_manager.default"
          ]
        }
      ]
    },
    {
      "module": "module.instance-group",
      "mode": "managed",
      "type": "google_compute_instance_template",
      "name": "default",
      "provider": "provider.google",
      "instances": [
        {
          "schema_version": 1,
          "attributes": {
            "can_ip_forward": false,
            "description": "",
            "disk": [
              {
                "auto_delete": true,
                "boot": true,
                "device_name": "persistent-disk-0",
                "disk_encryption_key": [],
                "disk_name": "",
                "disk_size_gb": 50,
                "disk_type": "pd-ssd",
                "interface": "SCSI",
                "labels": {},
                "mode": "READ_WRITE",
                "source": "",
                "source_image": "projects/centos-cloud/global/images/centos-7-v20190905",
                "type": "PERSISTENT"
              }
            ],
            "enable_display": null,
            "guest_accelerator": [],
            "id": "projects/p-teckresources-tfe/global/instanceTemplates/inst-tmpl-01",
            "instance_description": "",
            "labels": {
              "project": "tfe"
            },
            "machine_type": "n1-standard-4",
            "metadata": {
              "ssh-keys": "phil:ssh-rsa AAAAB3NzaC1yc2EAAAADAQABAAABgQCykSa/AaqKZhth5RRCVwfqxTOa5fJR6vPRbU6Ab2aMu5daGdh8FrfLxYTOjtCF23iKSZlYHPwMDHz4u7Ej7cQ0Fv1eg6EH9OJCd8GoWZC+ZE+ob/5i+rLxxYNQ4C877A4QHdDoJgoAt80dKrocJX4va/w5EePCZwMYjFgKR2nJeps/rGiCDZxraItsP6XcTcTEOBMkthNpN7ijU/L/Is4FD2BWpdABBZVHzQJ3ptTTZo+mcUj4gZYhKrlZ96GyrGjewDI1bCvd/TZ83+xJlyE3+pzmeZvgpzYkBdv1RB3NOUNZBSYdOY46gHhsAaVS83Ww2jKlXwYxa2Mb54TioESeKW92RDX0gjXGiUnDVKhdwXK8wKPFuZbitRKeNGcsx1aLUNr46SUO/b7czI4LUagAEdukdbsJIdEFxGmOLRBE21KbGK+O6GmHa9qNPFq7jd5ZWnmnUW2ogHP9DDP0fUc50Yp7hCOL5S8jGjnphbaZJJ3yFYZuRUL+wsG4HgJMK9s= phil@c3po\n"
            },
            "metadata_fingerprint": "Zetxi2HjzpE=",
            "metadata_startup_script": null,
            "min_cpu_platform": "",
            "name": "inst-tmpl-01",
            "name_prefix": null,
            "network_interface": [
              {
                "access_config": [
                  {
                    "nat_ip": "",
                    "network_tier": "PREMIUM"
                  }
                ],
                "alias_ip_range": [],
                "network": "https://www.googleapis.com/compute/v1/projects/p-teckresources-tfe/global/networks/default",
                "network_ip": "",
                "subnetwork": "https://www.googleapis.com/compute/v1/projects/p-teckresources-tfe/regions/us-west1/subnetworks/default",
                "subnetwork_project": "p-teckresources-tfe"
              }
            ],
            "project": "p-teckresources-tfe",
            "region": "us-west1",
            "scheduling": [
              {
                "automatic_restart": true,
                "node_affinities": [],
                "on_host_maintenance": "MIGRATE",
                "preemptible": false
              }
            ],
            "self_link": "https://www.googleapis.com/compute/beta/projects/p-teckresources-tfe/global/instanceTemplates/inst-tmpl-01",
            "service_account": [],
            "shielded_instance_config": [],
            "tags": [
              "tfe-compute"
            ],
            "tags_fingerprint": ""
          },
          "private": "eyJzY2hlbWFfdmVyc2lvbiI6IjEifQ=="
        }
      ]
    },
    {
      "module": "module.instance-group",
      "mode": "managed",
      "type": "google_compute_region_instance_group_manager",
      "name": "default",
      "provider": "provider.google",
      "instances": [
        {
          "schema_version": 0,
          "attributes": {
            "auto_healing_policies": [],
            "base_instance_name": "vm-01",
            "description": "",
            "distribution_policy_zones": [
              "us-west1-a",
              "us-west1-b",
              "us-west1-c"
            ],
            "fingerprint": "-RUMQmd27hQ=",
            "id": "projects/p-teckresources-tfe/regions/us-west1/instanceGroupManagers/inst-grp-01",
            "instance_group": "https://www.googleapis.com/compute/v1/projects/p-teckresources-tfe/regions/us-west1/instanceGroups/inst-grp-01",
            "instance_template": null,
            "name": "inst-grp-01",
            "named_port": [
              {
                "name": "https",
                "port": 443
              },
              {
                "name": "https-8800",
                "port": 8800
              }
            ],
            "project": "p-teckresources-tfe",
            "region": "us-west1",
            "self_link": "https://www.googleapis.com/compute/v1/projects/p-teckresources-tfe/regions/us-west1/instanceGroupManagers/inst-grp-01",
            "target_pools": null,
            "target_size": 1,
            "timeouts": null,
            "update_policy": [
              {
                "instance_redistribution_type": "PROACTIVE",
                "max_surge_fixed": 3,
                "max_surge_percent": 0,
                "max_unavailable_fixed": 3,
                "max_unavailable_percent": 0,
                "min_ready_sec": 0,
                "minimal_action": "REPLACE",
                "type": "OPPORTUNISTIC"
              }
            ],
            "update_strategy": null,
            "version": [
              {
                "instance_template": "https://www.googleapis.com/compute/v1/projects/p-teckresources-tfe/global/instanceTemplates/inst-tmpl-01",
                "name": "",
                "target_size": []
              }
            ],
            "wait_for_instances": true
          },
          "private": "eyJlMmJmYjczMC1lY2FhLTExZTYtOGY4OC0zNDM2M2JjN2M0YzAiOnsiY3JlYXRlIjozMDAwMDAwMDAwMDAsImRlbGV0ZSI6OTAwMDAwMDAwMDAwLCJ1cGRhdGUiOjMwMDAwMDAwMDAwMH19",
          "depends_on": [
            "google_compute_instance_template.default"
          ]
        }
      ]
    }
  ]
}
